
Microsoft Visual Studio Solution File, Format Version 12.00
# Visual Studio Version 16
VisualStudioVersion = 16.0.29709.97
MinimumVisualStudioVersion = 10.0.40219.1
Project("{9A19103F-16F7-4668-BE54-9A1E7A4F7556}") = "Calendar", "Calendar\Calendar.csproj", "{92167C1A-E148-44D7-910B-AE99A62B749A}"
EndProject
Project("{FAE04EC0-301F-11D3-BF4B-00C04F79EFBC}") = "Calendar.Droid", "Calendar.Droid\Calendar.Droid.csproj", "{36C84F6D-44C0-4EFB-86E2-7F751AFD3D82}"
EndProject
Project("{FAE04EC0-301F-11D3-BF4B-00C04F79EFBC}") = "Calendar.iOS", "Calendar.iOS\Calendar.iOS.csproj", "{D6A84728-5F2F-42D9-BCD5-16DD704CE704}"
EndProject
Project("{FAE04EC0-301F-11D3-BF4B-00C04F79EFBC}") = "Calendar.UWP", "Calendar.UWP\Calendar.UWP.csproj", "{773636E2-E882-4F55-9A05-F48BA7E99CD7}"
EndProject
Global
	GlobalSection(SolutionConfigurationPlatforms) = preSolution
		Ad-Hoc|Any CPU = Ad-Hoc|Any CPU
		Ad-Hoc|ARM = Ad-Hoc|ARM
		Ad-Hoc|ARM64 = Ad-Hoc|ARM64
		Ad-Hoc|iPhone = Ad-Hoc|iPhone
		Ad-Hoc|iPhoneSimulator = Ad-Hoc|iPhoneSimulator
		Ad-Hoc|x64 = Ad-Hoc|x64
		Ad-Hoc|x86 = Ad-Hoc|x86
		AppStore|Any CPU = AppStore|Any CPU
		AppStore|ARM = AppStore|ARM
		AppStore|ARM64 = AppStore|ARM64
		AppStore|iPhone = AppStore|iPhone
		AppStore|iPhoneSimulator = AppStore|iPhoneSimulator
		AppStore|x64 = AppStore|x64
		AppStore|x86 = AppStore|x86
		Debug|Any CPU = Debug|Any CPU
		Debug|ARM = Debug|ARM
		Debug|ARM64 = Debug|ARM64
		Debug|iPhone = Debug|iPhone
		Debug|iPhoneSimulator = Debug|iPhoneSimulator
		Debug|x64 = Debug|x64
		Debug|x86 = Debug|x86
		Release|Any CPU = Release|Any CPU
		Release|ARM = Release|ARM
		Release|ARM64 = Release|ARM64
		Release|iPhone = Release|iPhone
		Release|iPhoneSimulator = Release|iPhoneSimulator
		Release|x64 = Release|x64
		Release|x86 = Release|x86
	EndGlobalSection
	GlobalSection(ProjectConfigurationPlatforms) = postSolution
		{92167C1A-E148-44D7-910B-AE99A62B749A}.Ad-Hoc|Any CPU.ActiveCfg = Debug|Any CPU
		{92167C1A-E148-44D7-910B-AE99A62B749A}.Ad-Hoc|Any CPU.Build.0 = Debug|Any CPU
		{92167C1A-E148-44D7-910B-AE99A62B749A}.Ad-Hoc|ARM.ActiveCfg = Debug|Any CPU
		{92167C1A-E148-44D7-910B-AE99A62B749A}.Ad-Hoc|ARM.Build.0 = Debug|Any CPU
		{92167C1A-E148-44D7-910B-AE99A62B749A}.Ad-Hoc|ARM64.ActiveCfg = Debug|Any CPU
		{92167C1A-E148-44D7-910B-AE99A62B749A}.Ad-Hoc|ARM64.Build.0 = Debug|Any CPU
		{92167C1A-E148-44D7-910B-AE99A62B749A}.Ad-Hoc|iPhone.ActiveCfg = Debug|Any CPU
		{92167C1A-E148-44D7-910B-AE99A62B749A}.Ad-Hoc|iPhone.Build.0 = Debug|Any CPU
		{92167C1A-E148-44D7-910B-AE99A62B749A}.Ad-Hoc|iPhoneSimulator.ActiveCfg = Debug|Any CPU
		{92167C1A-E148-44D7-910B-AE99A62B749A}.Ad-Hoc|iPhoneSimulator.Build.0 = Debug|Any CPU
		{92167C1A-E148-44D7-910B-AE99A62B749A}.Ad-Hoc|x64.ActiveCfg = Debug|Any CPU
		{92167C1A-E148-44D7-910B-AE99A62B749A}.Ad-Hoc|x64.Build.0 = Debug|Any CPU
		{92167C1A-E148-44D7-910B-AE99A62B749A}.Ad-Hoc|x86.ActiveCfg = Debug|Any CPU
		{92167C1A-E148-44D7-910B-AE99A62B749A}.Ad-Hoc|x86.Build.0 = Debug|Any CPU
		{92167C1A-E148-44D7-910B-AE99A62B749A}.AppStore|Any CPU.ActiveCfg = Debug|Any CPU
		{92167C1A-E148-44D7-910B-AE99A62B749A}.AppStore|Any CPU.Build.0 = Debug|Any CPU
		{92167C1A-E148-44D7-910B-AE99A62B749A}.AppStore|ARM.ActiveCfg = Debug|Any CPU
		{92167C1A-E148-44D7-910B-AE99A62B749A}.AppStore|ARM.Build.0 = Debug|Any CPU
		{92167C1A-E148-44D7-910B-AE99A62B749A}.AppStore|ARM64.ActiveCfg = Debug|Any CPU
		{92167C1A-E148-44D7-910B-AE99A62B749A}.AppStore|ARM64.Build.0 = Debug|Any CPU
		{92167C1A-E148-44D7-910B-AE99A62B749A}.AppStore|iPhone.ActiveCfg = Debug|Any CPU
		{92167C1A-E148-44D7-910B-AE99A62B749A}.AppStore|iPhone.Build.0 = Debug|Any CPU
		{92167C1A-E148-44D7-910B-AE99A62B749A}.AppStore|iPhoneSimulator.ActiveCfg = Debug|Any CPU
		{92167C1A-E148-44D7-910B-AE99A62B749A}.AppStore|iPhoneSimulator.Build.0 = Debug|Any CPU
		{92167C1A-E148-44D7-910B-AE99A62B749A}.AppStore|x64.ActiveCfg = Debug|Any CPU
		{92167C1A-E148-44D7-910B-AE99A62B749A}.AppStore|x64.Build.0 = Debug|Any CPU
		{92167C1A-E148-44D7-910B-AE99A62B749A}.AppStore|x86.ActiveCfg = Debug|Any CPU
		{92167C1A-E148-44D7-910B-AE99A62B749A}.AppStore|x86.Build.0 = Debug|Any CPU
		{92167C1A-E148-44D7-910B-AE99A62B749A}.Debug|Any CPU.ActiveCfg = Debug|Any CPU
		{92167C1A-E148-44D7-910B-AE99A62B749A}.Debug|Any CPU.Build.0 = Debug|Any CPU
		{92167C1A-E148-44D7-910B-AE99A62B749A}.Debug|ARM.ActiveCfg = Debug|Any CPU
		{92167C1A-E148-44D7-910B-AE99A62B749A}.Debug|ARM.Build.0 = Debug|Any CPU
		{92167C1A-E148-44D7-910B-AE99A62B749A}.Debug|ARM64.ActiveCfg = Debug|Any CPU
		{92167C1A-E148-44D7-910B-AE99A62B749A}.Debug|ARM64.Build.0 = Debug|Any CPU
		{92167C1A-E148-44D7-910B-AE99A62B749A}.Debug|iPhone.ActiveCfg = Debug|Any CPU
		{92167C1A-E148-44D7-910B-AE99A62B749A}.Debug|iPhone.Build.0 = Debug|Any CPU
		{92167C1A-E148-44D7-910B-AE99A62B749A}.Debug|iPhoneSimulator.ActiveCfg = Debug|Any CPU
		{92167C1A-E148-44D7-910B-AE99A62B749A}.Debug|iPhoneSimulator.Build.0 = Debug|Any CPU
		{92167C1A-E148-44D7-910B-AE99A62B749A}.Debug|x64.ActiveCfg = Debug|Any CPU
		{92167C1A-E148-44D7-910B-AE99A62B749A}.Debug|x64.Build.0 = Debug|Any CPU
		{92167C1A-E148-44D7-910B-AE99A62B749A}.Debug|x86.ActiveCfg = Debug|Any CPU
		{92167C1A-E148-44D7-910B-AE99A62B749A}.Debug|x86.Build.0 = Debug|Any CPU
		{92167C1A-E148-44D7-910B-AE99A62B749A}.Release|Any CPU.ActiveCfg = Release|Any CPU
		{92167C1A-E148-44D7-910B-AE99A62B749A}.Release|Any CPU.Build.0 = Release|Any CPU
		{92167C1A-E148-44D7-910B-AE99A62B749A}.Release|ARM.ActiveCfg = Release|Any CPU
		{92167C1A-E148-44D7-910B-AE99A62B749A}.Release|ARM.Build.0 = Release|Any CPU
		{92167C1A-E148-44D7-910B-AE99A62B749A}.Release|ARM64.ActiveCfg = Release|Any CPU
		{92167C1A-E148-44D7-910B-AE99A62B749A}.Release|ARM64.Build.0 = Release|Any CPU
		{92167C1A-E148-44D7-910B-AE99A62B749A}.Release|iPhone.ActiveCfg = Release|Any CPU
		{92167C1A-E148-44D7-910B-AE99A62B749A}.Release|iPhone.Build.0 = Release|Any CPU
		{92167C1A-E148-44D7-910B-AE99A62B749A}.Release|iPhoneSimulator.ActiveCfg = Release|Any CPU
		{92167C1A-E148-44D7-910B-AE99A62B749A}.Release|iPhoneSimulator.Build.0 = Release|Any CPU
		{92167C1A-E148-44D7-910B-AE99A62B749A}.Release|x64.ActiveCfg = Release|Any CPU
		{92167C1A-E148-44D7-910B-AE99A62B749A}.Release|x64.Build.0 = Release|Any CPU
		{92167C1A-E148-44D7-910B-AE99A62B749A}.Release|x86.ActiveCfg = Release|Any CPU
		{92167C1A-E148-44D7-910B-AE99A62B749A}.Release|x86.Build.0 = Release|Any CPU
		{36C84F6D-44C0-4EFB-86E2-7F751AFD3D82}.Ad-Hoc|Any CPU.ActiveCfg = Release|Any CPU
		{36C84F6D-44C0-4EFB-86E2-7F751AFD3D82}.Ad-Hoc|Any CPU.Build.0 = Release|Any CPU
		{36C84F6D-44C0-4EFB-86E2-7F751AFD3D82}.Ad-Hoc|ARM.ActiveCfg = Release|Any CPU
		{36C84F6D-44C0-4EFB-86E2-7F751AFD3D82}.Ad-Hoc|ARM.Build.0 = Release|Any CPU
		{36C84F6D-44C0-4EFB-86E2-7F751AFD3D82}.Ad-Hoc|ARM64.ActiveCfg = Release|Any CPU
		{36C84F6D-44C0-4EFB-86E2-7F751AFD3D82}.Ad-Hoc|ARM64.Build.0 = Release|Any CPU
		{36C84F6D-44C0-4EFB-86E2-7F751AFD3D82}.Ad-Hoc|iPhone.ActiveCfg = Release|Any CPU
		{36C84F6D-44C0-4EFB-86E2-7F751AFD3D82}.Ad-Hoc|iPhone.Build.0 = Release|Any CPU
		{36C84F6D-44C0-4EFB-86E2-7F751AFD3D82}.Ad-Hoc|iPhoneSimulator.ActiveCfg = Release|Any CPU
		{36C84F6D-44C0-4EFB-86E2-7F751AFD3D82}.Ad-Hoc|iPhoneSimulator.Build.0 = Release|Any CPU
		{36C84F6D-44C0-4EFB-86E2-7F751AFD3D82}.Ad-Hoc|x64.ActiveCfg = Release|Any CPU
		{36C84F6D-44C0-4EFB-86E2-7F751AFD3D82}.Ad-Hoc|x64.Build.0 = Release|Any CPU
		{36C84F6D-44C0-4EFB-86E2-7F751AFD3D82}.Ad-Hoc|x86.ActiveCfg = Release|Any CPU
		{36C84F6D-44C0-4EFB-86E2-7F751AFD3D82}.Ad-Hoc|x86.Build.0 = Release|Any CPU
		{36C84F6D-44C0-4EFB-86E2-7F751AFD3D82}.AppStore|Any CPU.ActiveCfg = Release|Any CPU
		{36C84F6D-44C0-4EFB-86E2-7F751AFD3D82}.AppStore|Any CPU.Build.0 = Release|Any CPU
		{36C84F6D-44C0-4EFB-86E2-7F751AFD3D82}.AppStore|ARM.ActiveCfg = Release|Any CPU
		{36C84F6D-44C0-4EFB-86E2-7F751AFD3D82}.AppStore|ARM.Build.0 = Release|Any CPU
		{36C84F6D-44C0-4EFB-86E2-7F751AFD3D82}.AppStore|ARM64.ActiveCfg = Release|Any CPU
		{36C84F6D-44C0-4EFB-86E2-7F751AFD3D82}.AppStore|ARM64.Build.0 = Release|Any CPU
		{36C84F6D-44C0-4EFB-86E2-7F751AFD3D82}.AppStore|iPhone.ActiveCfg = Release|Any CPU
		{36C84F6D-44C0-4EFB-86E2-7F751AFD3D82}.AppStore|iPhone.Build.0 = Release|Any CPU
		{36C84F6D-44C0-4EFB-86E2-7F751AFD3D82}.AppStore|iPhoneSimulator.ActiveCfg = Release|Any CPU
		{36C84F6D-44C0-4EFB-86E2-7F751AFD3D82}.AppStore|iPhoneSimulator.Build.0 = Release|Any CPU
		{36C84F6D-44C0-4EFB-86E2-7F751AFD3D82}.AppStore|x64.ActiveCfg = Release|Any CPU
		{36C84F6D-44C0-4EFB-86E2-7F751AFD3D82}.AppStore|x64.Build.0 = Release|Any CPU
		{36C84F6D-44C0-4EFB-86E2-7F751AFD3D82}.AppStore|x86.ActiveCfg = Release|Any CPU
		{36C84F6D-44C0-4EFB-86E2-7F751AFD3D82}.AppStore|x86.Build.0 = Release|Any CPU
		{36C84F6D-44C0-4EFB-86E2-7F751AFD3D82}.Debug|Any CPU.ActiveCfg = Debug|Any CPU
		{36C84F6D-44C0-4EFB-86E2-7F751AFD3D82}.Debug|Any CPU.Build.0 = Debug|Any CPU
		{36C84F6D-44C0-4EFB-86E2-7F751AFD3D82}.Debug|ARM.ActiveCfg = Debug|Any CPU
		{36C84F6D-44C0-4EFB-86E2-7F751AFD3D82}.Debug|ARM.Build.0 = Debug|Any CPU
		{36C84F6D-44C0-4EFB-86E2-7F751AFD3D82}.Debug|ARM64.ActiveCfg = Debug|Any CPU
		{36C84F6D-44C0-4EFB-86E2-7F751AFD3D82}.Debug|ARM64.Build.0 = Debug|Any CPU
		{36C84F6D-44C0-4EFB-86E2-7F751AFD3D82}.Debug|iPhone.ActiveCfg = Debug|Any CPU
		{36C84F6D-44C0-4EFB-86E2-7F751AFD3D82}.Debug|iPhone.Build.0 = Debug|Any CPU
		{36C84F6D-44C0-4EFB-86E2-7F751AFD3D82}.Debug|iPhoneSimulator.ActiveCfg = Debug|Any CPU
		{36C84F6D-44C0-4EFB-86E2-7F751AFD3D82}.Debug|iPhoneSimulator.Build.0 = Debug|Any CPU
		{36C84F6D-44C0-4EFB-86E2-7F751AFD3D82}.Debug|x64.ActiveCfg = Debug|Any CPU
		{36C84F6D-44C0-4EFB-86E2-7F751AFD3D82}.Debug|x64.Build.0 = Debug|Any CPU
		{36C84F6D-44C0-4EFB-86E2-7F751AFD3D82}.Debug|x86.ActiveCfg = Debug|Any CPU
		{36C84F6D-44C0-4EFB-86E2-7F751AFD3D82}.Debug|x86.Build.0 = Debug|Any CPU
		{36C84F6D-44C0-4EFB-86E2-7F751AFD3D82}.Release|Any CPU.ActiveCfg = Release|Any CPU
		{36C84F6D-44C0-4EFB-86E2-7F751AFD3D82}.Release|Any CPU.Build.0 = Release|Any CPU
		{36C84F6D-44C0-4EFB-86E2-7F751AFD3D82}.Release|ARM.ActiveCfg = Release|Any CPU
		{36C84F6D-44C0-4EFB-86E2-7F751AFD3D82}.Release|ARM.Build.0 = Release|Any CPU
		{36C84F6D-44C0-4EFB-86E2-7F751AFD3D82}.Release|ARM64.ActiveCfg = Release|Any CPU
		{36C84F6D-44C0-4EFB-86E2-7F751AFD3D82}.Release|ARM64.Build.0 = Release|Any CPU
		{36C84F6D-44C0-4EFB-86E2-7F751AFD3D82}.Release|iPhone.ActiveCfg = Release|Any CPU
		{36C84F6D-44C0-4EFB-86E2-7F751AFD3D82}.Release|iPhone.Build.0 = Release|Any CPU
		{36C84F6D-44C0-4EFB-86E2-7F751AFD3D82}.Release|iPhoneSimulator.ActiveCfg = Release|Any CPU
		{36C84F6D-44C0-4EFB-86E2-7F751AFD3D82}.Release|iPhoneSimulator.Build.0 = Release|Any CPU
		{36C84F6D-44C0-4EFB-86E2-7F751AFD3D82}.Release|x64.ActiveCfg = Release|Any CPU
		{36C84F6D-44C0-4EFB-86E2-7F751AFD3D82}.Release|x64.Build.0 = Release|Any CPU
		{36C84F6D-44C0-4EFB-86E2-7F751AFD3D82}.Release|x86.ActiveCfg = Release|Any CPU
		{36C84F6D-44C0-4EFB-86E2-7F751AFD3D82}.Release|x86.Build.0 = Release|Any CPU
		{D6A84728-5F2F-42D9-BCD5-16DD704CE704}.Ad-Hoc|Any CPU.ActiveCfg = Release|Any CPU
		{D6A84728-5F2F-42D9-BCD5-16DD704CE704}.Ad-Hoc|Any CPU.Build.0 = Release|Any CPU
		{D6A84728-5F2F-42D9-BCD5-16DD704CE704}.Ad-Hoc|ARM.ActiveCfg = Release|Any CPU
		{D6A84728-5F2F-42D9-BCD5-16DD704CE704}.Ad-Hoc|ARM.Build.0 = Release|Any CPU
		{D6A84728-5F2F-42D9-BCD5-16DD704CE704}.Ad-Hoc|ARM64.ActiveCfg = Release|Any CPU
		{D6A84728-5F2F-42D9-BCD5-16DD704CE704}.Ad-Hoc|ARM64.Build.0 = Release|Any CPU
		{D6A84728-5F2F-42D9-BCD5-16DD704CE704}.Ad-Hoc|iPhone.ActiveCfg = Release|Any CPU
		{D6A84728-5F2F-42D9-BCD5-16DD704CE704}.Ad-Hoc|iPhone.Build.0 = Release|Any CPU
		{D6A84728-5F2F-42D9-BCD5-16DD704CE704}.Ad-Hoc|iPhoneSimulator.ActiveCfg = Release|Any CPU
		{D6A84728-5F2F-42D9-BCD5-16DD704CE704}.Ad-Hoc|iPhoneSimulator.Build.0 = Release|Any CPU
		{D6A84728-5F2F-42D9-BCD5-16DD704CE704}.Ad-Hoc|x64.ActiveCfg = Release|Any CPU
		{D6A84728-5F2F-42D9-BCD5-16DD704CE704}.Ad-Hoc|x64.Build.0 = Release|Any CPU
		{D6A84728-5F2F-42D9-BCD5-16DD704CE704}.Ad-Hoc|x86.ActiveCfg = Release|Any CPU
		{D6A84728-5F2F-42D9-BCD5-16DD704CE704}.Ad-Hoc|x86.Build.0 = Release|Any CPU
		{D6A84728-5F2F-42D9-BCD5-16DD704CE704}.AppStore|Any CPU.ActiveCfg = Release|Any CPU
		{D6A84728-5F2F-42D9-BCD5-16DD704CE704}.AppStore|Any CPU.Build.0 = Release|Any CPU
		{D6A84728-5F2F-42D9-BCD5-16DD704CE704}.AppStore|ARM.ActiveCfg = Release|Any CPU
		{D6A84728-5F2F-42D9-BCD5-16DD704CE704}.AppStore|ARM.Build.0 = Release|Any CPU
		{D6A84728-5F2F-42D9-BCD5-16DD704CE704}.AppStore|ARM64.ActiveCfg = Release|Any CPU
		{D6A84728-5F2F-42D9-BCD5-16DD704CE704}.AppStore|ARM64.Build.0 = Release|Any CPU
		{D6A84728-5F2F-42D9-BCD5-16DD704CE704}.AppStore|iPhone.ActiveCfg = Release|Any CPU
		{D6A84728-5F2F-42D9-BCD5-16DD704CE704}.AppStore|iPhone.Build.0 = Release|Any CPU
		{D6A84728-5F2F-42D9-BCD5-16DD704CE704}.AppStore|iPhoneSimulator.ActiveCfg = Release|Any CPU
		{D6A84728-5F2F-42D9-BCD5-16DD704CE704}.AppStore|iPhoneSimulator.Build.0 = Release|Any CPU
		{D6A84728-5F2F-42D9-BCD5-16DD704CE704}.AppStore|x64.ActiveCfg = Release|Any CPU
		{D6A84728-5F2F-42D9-BCD5-16DD704CE704}.AppStore|x64.Build.0 = Release|Any CPU
		{D6A84728-5F2F-42D9-BCD5-16DD704CE704}.AppStore|x86.ActiveCfg = Release|Any CPU
		{D6A84728-5F2F-42D9-BCD5-16DD704CE704}.AppStore|x86.Build.0 = Release|Any CPU
		{D6A84728-5F2F-42D9-BCD5-16DD704CE704}.Debug|Any CPU.ActiveCfg = Debug|Any CPU
		{D6A84728-5F2F-42D9-BCD5-16DD704CE704}.Debug|Any CPU.Build.0 = Debug|Any CPU
		{D6A84728-5F2F-42D9-BCD5-16DD704CE704}.Debug|ARM.ActiveCfg = Debug|Any CPU
		{D6A84728-5F2F-42D9-BCD5-16DD704CE704}.Debug|ARM.Build.0 = Debug|Any CPU
		{D6A84728-5F2F-42D9-BCD5-16DD704CE704}.Debug|ARM64.ActiveCfg = Debug|Any CPU
		{D6A84728-5F2F-42D9-BCD5-16DD704CE704}.Debug|ARM64.Build.0 = Debug|Any CPU
		{D6A84728-5F2F-42D9-BCD5-16DD704CE704}.Debug|iPhone.ActiveCfg = Debug|Any CPU
		{D6A84728-5F2F-42D9-BCD5-16DD704CE704}.Debug|iPhone.Build.0 = Debug|Any CPU
		{D6A84728-5F2F-42D9-BCD5-16DD704CE704}.Debug|iPhoneSimulator.ActiveCfg = Debug|Any CPU
		{D6A84728-5F2F-42D9-BCD5-16DD704CE704}.Debug|iPhoneSimulator.Build.0 = Debug|Any CPU
		{D6A84728-5F2F-42D9-BCD5-16DD704CE704}.Debug|x64.ActiveCfg = Debug|Any CPU
		{D6A84728-5F2F-42D9-BCD5-16DD704CE704}.Debug|x64.Build.0 = Debug|Any CPU
		{D6A84728-5F2F-42D9-BCD5-16DD704CE704}.Debug|x86.ActiveCfg = Debug|Any CPU
		{D6A84728-5F2F-42D9-BCD5-16DD704CE704}.Debug|x86.Build.0 = Debug|Any CPU
		{D6A84728-5F2F-42D9-BCD5-16DD704CE704}.Release|Any CPU.ActiveCfg = Release|Any CPU
		{D6A84728-5F2F-42D9-BCD5-16DD704CE704}.Release|Any CPU.Build.0 = Release|Any CPU
		{D6A84728-5F2F-42D9-BCD5-16DD704CE704}.Release|ARM.ActiveCfg = Release|Any CPU
		{D6A84728-5F2F-42D9-BCD5-16DD704CE704}.Release|ARM.Build.0 = Release|Any CPU
		{D6A84728-5F2F-42D9-BCD5-16DD704CE704}.Release|ARM64.ActiveCfg = Release|Any CPU
		{D6A84728-5F2F-42D9-BCD5-16DD704CE704}.Release|ARM64.Build.0 = Release|Any CPU
		{D6A84728-5F2F-42D9-BCD5-16DD704CE704}.Release|iPhone.ActiveCfg = Release|Any CPU
		{D6A84728-5F2F-42D9-BCD5-16DD704CE704}.Release|iPhone.Build.0 = Release|Any CPU
		{D6A84728-5F2F-42D9-BCD5-16DD704CE704}.Release|iPhoneSimulator.ActiveCfg = Release|Any CPU
		{D6A84728-5F2F-42D9-BCD5-16DD704CE704}.Release|iPhoneSimulator.Build.0 = Release|Any CPU
		{D6A84728-5F2F-42D9-BCD5-16DD704CE704}.Release|x64.ActiveCfg = Release|Any CPU
		{D6A84728-5F2F-42D9-BCD5-16DD704CE704}.Release|x64.Build.0 = Release|Any CPU
		{D6A84728-5F2F-42D9-BCD5-16DD704CE704}.Release|x86.ActiveCfg = Release|Any CPU
		{D6A84728-5F2F-42D9-BCD5-16DD704CE704}.Release|x86.Build.0 = Release|Any CPU
		{773636E2-E882-4F55-9A05-F48BA7E99CD7}.Ad-Hoc|Any CPU.ActiveCfg = Release|Any CPU
		{773636E2-E882-4F55-9A05-F48BA7E99CD7}.Ad-Hoc|Any CPU.Build.0 = Release|Any CPU
		{773636E2-E882-4F55-9A05-F48BA7E99CD7}.Ad-Hoc|ARM.ActiveCfg = Release|ARM
		{773636E2-E882-4F55-9A05-F48BA7E99CD7}.Ad-Hoc|ARM.Build.0 = Release|ARM
		{773636E2-E882-4F55-9A05-F48BA7E99CD7}.Ad-Hoc|ARM64.ActiveCfg = Release|ARM64
		{773636E2-E882-4F55-9A05-F48BA7E99CD7}.Ad-Hoc|ARM64.Build.0 = Release|ARM64
		{773636E2-E882-4F55-9A05-F48BA7E99CD7}.Ad-Hoc|iPhone.ActiveCfg = Release|Any CPU
		{773636E2-E882-4F55-9A05-F48BA7E99CD7}.Ad-Hoc|iPhone.Build.0 = Release|Any CPU
		{773636E2-E882-4F55-9A05-F48BA7E99CD7}.Ad-Hoc|iPhoneSimulator.ActiveCfg = Release|Any CPU
		{773636E2-E882-4F55-9A05-F48BA7E99CD7}.Ad-Hoc|iPhoneSimulator.Build.0 = Release|Any CPU
		{773636E2-E882-4F55-9A05-F48BA7E99CD7}.Ad-Hoc|x64.ActiveCfg = Release|x64
		{773636E2-E882-4F55-9A05-F48BA7E99CD7}.Ad-Hoc|x64.Build.0 = Release|x64
		{773636E2-E882-4F55-9A05-F48BA7E99CD7}.Ad-Hoc|x86.ActiveCfg = Release|x86
		{773636E2-E882-4F55-9A05-F48BA7E99CD7}.Ad-Hoc|x86.Build.0 = Release|x86
		{773636E2-E882-4F55-9A05-F48BA7E99CD7}.AppStore|Any CPU.ActiveCfg = Release|Any CPU
		{773636E2-E882-4F55-9A05-F48BA7E99CD7}.AppStore|Any CPU.Build.0 = Release|Any CPU
		{773636E2-E882-4F55-9A05-F48BA7E99CD7}.AppStore|ARM.ActiveCfg = Release|ARM
		{773636E2-E882-4F55-9A05-F48BA7E99CD7}.AppStore|ARM.Build.0 = Release|ARM
		{773636E2-E882-4F55-9A05-F48BA7E99CD7}.AppStore|ARM64.ActiveCfg = Release|ARM64
		{773636E2-E882-4F55-9A05-F48BA7E99CD7}.AppStore|ARM64.Build.0 = Release|ARM64
		{773636E2-E882-4F55-9A05-F48BA7E99CD7}.AppStore|iPhone.ActiveCfg = Release|Any CPU
		{773636E2-E882-4F55-9A05-F48BA7E99CD7}.AppStore|iPhone.Build.0 = Release|Any CPU
		{773636E2-E882-4F55-9A05-F48BA7E99CD7}.AppStore|iPhoneSimulator.ActiveCfg = Release|Any CPU
		{773636E2-E882-4F55-9A05-F48BA7E99CD7}.AppStore|iPhoneSimulator.Build.0 = Release|Any CPU
		{773636E2-E882-4F55-9A05-F48BA7E99CD7}.AppStore|x64.ActiveCfg = Release|x64
		{773636E2-E882-4F55-9A05-F48BA7E99CD7}.AppStore|x64.Build.0 = Release|x64
		{773636E2-E882-4F55-9A05-F48BA7E99CD7}.AppStore|x86.ActiveCfg = Release|x86
		{773636E2-E882-4F55-9A05-F48BA7E99CD7}.AppStore|x86.Build.0 = Release|x86
		{773636E2-E882-4F55-9A05-F48BA7E99CD7}.Debug|Any CPU.ActiveCfg = Debug|Any CPU
		{773636E2-E882-4F55-9A05-F48BA7E99CD7}.Debug|Any CPU.Build.0 = Debug|Any CPU
		{773636E2-E882-4F55-9A05-F48BA7E99CD7}.Debug|ARM.ActiveCfg = Debug|ARM
		{773636E2-E882-4F55-9A05-F48BA7E99CD7}.Debug|ARM.Build.0 = Debug|ARM
		{773636E2-E882-4F55-9A05-F48BA7E99CD7}.Debug|ARM64.ActiveCfg = Debug|ARM64
		{773636E2-E882-4F55-9A05-F48BA7E99CD7}.Debug|ARM64.Build.0 = Debug|ARM64
		{773636E2-E882-4F55-9A05-F48BA7E99CD7}.Debug|iPhone.ActiveCfg = Debug|Any CPU
		{773636E2-E882-4F55-9A05-F48BA7E99CD7}.Debug|iPhone.Build.0 = Debug|Any CPU
		{773636E2-E882-4F55-9A05-F48BA7E99CD7}.Debug|iPhoneSimulator.ActiveCfg = Debug|Any CPU
		{773636E2-E882-4F55-9A05-F48BA7E99CD7}.Debug|iPhoneSimulator.Build.0 = Debug|Any CPU
		{773636E2-E882-4F55-9A05-F48BA7E99CD7}.Debug|x64.ActiveCfg = Debug|x64
		{773636E2-E882-4F55-9A05-F48BA7E99CD7}.Debug|x64.Build.0 = Debug|x64
		{773636E2-E882-4F55-9A05-F48BA7E99CD7}.Debug|x86.ActiveCfg = Debug|x86
		{773636E2-E882-4F55-9A05-F48BA7E99CD7}.Debug|x86.Build.0 = Debug|x86
		{773636E2-E882-4F55-9A05-F48BA7E99CD7}.Release|Any CPU.ActiveCfg = Release|Any CPU
		{773636E2-E882-4F55-9A05-F48BA7E99CD7}.Release|Any CPU.Build.0 = Release|Any CPU
		{773636E2-E882-4F55-9A05-F48BA7E99CD7}.Release|ARM.ActiveCfg = Release|ARM
		{773636E2-E882-4F55-9A05-F48BA7E99CD7}.Release|ARM.Build.0 = Release|ARM
		{773636E2-E882-4F55-9A05-F48BA7E99CD7}.Release|ARM64.ActiveCfg = Release|ARM64
		{773636E2-E882-4F55-9A05-F48BA7E99CD7}.Release|ARM64.Build.0 = Release|ARM64
		{773636E2-E882-4F55-9A05-F48BA7E99CD7}.Release|iPhone.ActiveCfg = Release|Any CPU
		{773636E2-E882-4F55-9A05-F48BA7E99CD7}.Release|iPhone.Build.0 = Release|Any CPU
		{773636E2-E882-4F55-9A05-F48BA7E99CD7}.Release|iPhoneSimulator.ActiveCfg = Release|Any CPU
		{773636E2-E882-4F55-9A05-F48BA7E99CD7}.Release|iPhoneSimulator.Build.0 = Release|Any CPU
		{773636E2-E882-4F55-9A05-F48BA7E99CD7}.Release|x64.ActiveCfg = Release|x64
		{773636E2-E882-4F55-9A05-F48BA7E99CD7}.Release|x64.Build.0 = Release|x64
		{773636E2-E882-4F55-9A05-F48BA7E99CD7}.Release|x86.ActiveCfg = Release|x86
		{773636E2-E882-4F55-9A05-F48BA7E99CD7}.Release|x86.Build.0 = Release|x86
	EndGlobalSection
	GlobalSection(SolutionProperties) = preSolution
		HideSolutionNode = FALSE
	EndGlobalSection
	GlobalSection(ExtensibilityGlobals) = postSolution
		SolutionGuid = {AA8351E1-E904-40D2-BDFD-DD4405F66195}
	EndGlobalSection
EndGlobal
